
Microsoft Visual Studio Solution File, Format Version 12.00
# Visual Studio 15
VisualStudioVersion = 15.0.27428.1
MinimumVisualStudioVersion = 10.0.40219.1
Project("{FAE04EC0-301F-11D3-BF4B-00C04F79EFBC}") = "AddTwoNumsProblem", "AddTwoNumsProblem.csproj", "{4FA34B9C-EA23-498A-9CF9-D42DFA313C05}"
EndProject
Project("{FAE04EC0-301F-11D3-BF4B-00C04F79EFBC}") = "TwoSumProblem", "TwoSum\TwoSumProblem.csproj", "{DEDDF1C7-BD3D-4B16-847F-3F8018441FDA}"
EndProject
Global
	GlobalSection(SolutionConfigurationPlatforms) = preSolution
		Debug|Any CPU = Debug|Any CPU
		Release|Any CPU = Release|Any CPU
	EndGlobalSection
	GlobalSection(ProjectConfigurationPlatforms) = postSolution
		{4FA34B9C-EA23-498A-9CF9-D42DFA313C05}.Debug|Any CPU.ActiveCfg = Debug|Any CPU
		{4FA34B9C-EA23-498A-9CF9-D42DFA313C05}.Debug|Any CPU.Build.0 = Debug|Any CPU
		{4FA34B9C-EA23-498A-9CF9-D42DFA313C05}.Release|Any CPU.ActiveCfg = Release|Any CPU
		{4FA34B9C-EA23-498A-9CF9-D42DFA313C05}.Release|Any CPU.Build.0 = Release|Any CPU
		{DEDDF1C7-BD3D-4B16-847F-3F8018441FDA}.Debug|Any CPU.ActiveCfg = Debug|Any CPU
		{DEDDF1C7-BD3D-4B16-847F-3F8018441FDA}.Debug|Any CPU.Build.0 = Debug|Any CPU
		{DEDDF1C7-BD3D-4B16-847F-3F8018441FDA}.Release|Any CPU.ActiveCfg = Release|Any CPU
		{DEDDF1C7-BD3D-4B16-847F-3F8018441FDA}.Release|Any CPU.Build.0 = Release|Any CPU
	EndGlobalSection
	GlobalSection(SolutionProperties) = preSolution
		HideSolutionNode = FALSE
	EndGlobalSection
	GlobalSection(ExtensibilityGlobals) = postSolution
		SolutionGuid = {FEFFCEB4-56DD-47BB-ADB2-AD5C373EC57F}
	EndGlobalSection
EndGlobal
